
Microsoft Visual Studio Solution File, Format Version 12.00
# Visual Studio Version 17
VisualStudioVersion = 17.9.34723.18
MinimumVisualStudioVersion = 10.0.40219.1
Project("{FAE04EC0-301F-11D3-BF4B-00C04F79EFBC}") = "WebApp_razoryok", "WebApp_razoryok\WebApp_razoryok.csproj", "{581C5DBA-2343-47C0-9E92-0861BEDB09CC}"
EndProject
Global
	GlobalSection(SolutionConfigurationPlatforms) = preSolution
		Debug|Any CPU = Debug|Any CPU
		Release|Any CPU = Release|Any CPU
	EndGlobalSection
	GlobalSection(ProjectConfigurationPlatforms) = postSolution
		{581C5DBA-2343-47C0-9E92-0861BEDB09CC}.Debug|Any CPU.ActiveCfg = Debug|Any CPU
		{581C5DBA-2343-47C0-9E92-0861BEDB09CC}.Debug|Any CPU.Build.0 = Debug|Any CPU
		{581C5DBA-2343-47C0-9E92-0861BEDB09CC}.Release|Any CPU.ActiveCfg = Release|Any CPU
		{581C5DBA-2343-47C0-9E92-0861BEDB09CC}.Release|Any CPU.Build.0 = Release|Any CPU
	EndGlobalSection
	GlobalSection(SolutionProperties) = preSolution
		HideSolutionNode = FALSE
	EndGlobalSection
	GlobalSection(ExtensibilityGlobals) = postSolution
		SolutionGuid = {6B36DA45-AA42-4AB7-90B4-B3CDD35E9B97}
	EndGlobalSection
EndGlobal
